// !$*UTF8*$!
{
	archiveVersion = 1;
	classes = {
	};
	objectVersion = 56;
	objects = {

/* Begin PBXBuildFile section */
		230885892C7A53F000EECF2A /* AppDelegate.swift in Sources */ = {isa = PBXBuildFile; fileRef = 230885882C7A53F000EECF2A /* AppDelegate.swift */; };
		2308858B2C7A53F000EECF2A /* SceneDelegate.swift in Sources */ = {isa = PBXBuildFile; fileRef = 2308858A2C7A53F000EECF2A /* SceneDelegate.swift */; };
		2308858D2C7A53F000EECF2A /* HomeViewController.swift in Sources */ = {isa = PBXBuildFile; fileRef = 2308858C2C7A53F000EECF2A /* HomeViewController.swift */; };
		230885922C7A53F200EECF2A /* Assets.xcassets in Resources */ = {isa = PBXBuildFile; fileRef = 230885912C7A53F200EECF2A /* Assets.xcassets */; };
		230885952C7A53F200EECF2A /* Base in Resources */ = {isa = PBXBuildFile; fileRef = 230885942C7A53F200EECF2A /* Base */; };
		230885A32C877F4E00EECF2A /* TabBarViewController.swift in Sources */ = {isa = PBXBuildFile; fileRef = 230885A22C877F4E00EECF2A /* TabBarViewController.swift */; };
		230885A52C877FEF00EECF2A /* SearchViewController.swift in Sources */ = {isa = PBXBuildFile; fileRef = 230885A42C877FEF00EECF2A /* SearchViewController.swift */; };
		230885A72C87800E00EECF2A /* LibraryViewController.swift in Sources */ = {isa = PBXBuildFile; fileRef = 230885A62C87800E00EECF2A /* LibraryViewController.swift */; };
		230885AB2C87805F00EECF2A /* AuthViewController.swift in Sources */ = {isa = PBXBuildFile; fileRef = 230885AA2C87805F00EECF2A /* AuthViewController.swift */; };
		230885AD2C87807300EECF2A /* WelcomeViewController.swift in Sources */ = {isa = PBXBuildFile; fileRef = 230885AC2C87807300EECF2A /* WelcomeViewController.swift */; };
		230885AF2C87807F00EECF2A /* SettingViewController.swift in Sources */ = {isa = PBXBuildFile; fileRef = 230885AE2C87807F00EECF2A /* SettingViewController.swift */; };
		230885B12C87808A00EECF2A /* ProfileViewController.swift in Sources */ = {isa = PBXBuildFile; fileRef = 230885B02C87808A00EECF2A /* ProfileViewController.swift */; };
		230885B32C87809800EECF2A /* PlayerViewController.swift in Sources */ = {isa = PBXBuildFile; fileRef = 230885B22C87809800EECF2A /* PlayerViewController.swift */; };
		230885B52C8780A600EECF2A /* PlaylistViewController.swift in Sources */ = {isa = PBXBuildFile; fileRef = 230885B42C8780A600EECF2A /* PlaylistViewController.swift */; };
		230885B72C8780BB00EECF2A /* SearchResultsViewController.swift in Sources */ = {isa = PBXBuildFile; fileRef = 230885B62C8780BB00EECF2A /* SearchResultsViewController.swift */; };
		230885B92C8780D900EECF2A /* AuthManager.swift in Sources */ = {isa = PBXBuildFile; fileRef = 230885B82C8780D900EECF2A /* AuthManager.swift */; };
		230885BB2C8780E500EECF2A /* APICaller.swift in Sources */ = {isa = PBXBuildFile; fileRef = 230885BA2C8780E500EECF2A /* APICaller.swift */; };
		230885BD2C8780F900EECF2A /* HapticsManager.swift in Sources */ = {isa = PBXBuildFile; fileRef = 230885BC2C8780F900EECF2A /* HapticsManager.swift */; };
		230885BF2C87814B00EECF2A /* Playlist.swift in Sources */ = {isa = PBXBuildFile; fileRef = 230885BE2C87814B00EECF2A /* Playlist.swift */; };
		230885C12C87815900EECF2A /* AudioTrack.swift in Sources */ = {isa = PBXBuildFile; fileRef = 230885C02C87815900EECF2A /* AudioTrack.swift */; };
		230885C32C87816200EECF2A /* Artist.swift in Sources */ = {isa = PBXBuildFile; fileRef = 230885C22C87816200EECF2A /* Artist.swift */; };
		230885C52C87816900EECF2A /* UserProfile.swift in Sources */ = {isa = PBXBuildFile; fileRef = 230885C42C87816900EECF2A /* UserProfile.swift */; };
		230885C72C8E0DA600EECF2A /* Extensions.swift in Sources */ = {isa = PBXBuildFile; fileRef = 230885C62C8E0DA600EECF2A /* Extensions.swift */; };
		230885C92C945F2600EECF2A /* AuthResponse.swift in Sources */ = {isa = PBXBuildFile; fileRef = 230885C82C945F2600EECF2A /* AuthResponse.swift */; };
/* End PBXBuildFile section */

/* Begin PBXFileReference section */
		230885852C7A53F000EECF2A /* Spotify.app */ = {isa = PBXFileReference; explicitFileType = wrapper.application; includeInIndex = 0; path = Spotify.app; sourceTree = BUILT_PRODUCTS_DIR; };
		230885882C7A53F000EECF2A /* AppDelegate.swift */ = {isa = PBXFileReference; lastKnownFileType = sourcecode.swift; path = AppDelegate.swift; sourceTree = "<group>"; };
		2308858A2C7A53F000EECF2A /* SceneDelegate.swift */ = {isa = PBXFileReference; lastKnownFileType = sourcecode.swift; path = SceneDelegate.swift; sourceTree = "<group>"; };
		2308858C2C7A53F000EECF2A /* HomeViewController.swift */ = {isa = PBXFileReference; lastKnownFileType = sourcecode.swift; path = HomeViewController.swift; sourceTree = "<group>"; };
		230885912C7A53F200EECF2A /* Assets.xcassets */ = {isa = PBXFileReference; lastKnownFileType = folder.assetcatalog; path = Assets.xcassets; sourceTree = "<group>"; };
		230885942C7A53F200EECF2A /* Base */ = {isa = PBXFileReference; lastKnownFileType = file.storyboard; name = Base; path = Base.lproj/LaunchScreen.storyboard; sourceTree = "<group>"; };
		230885962C7A53F200EECF2A /* Info.plist */ = {isa = PBXFileReference; lastKnownFileType = text.plist.xml; path = Info.plist; sourceTree = "<group>"; };
		230885A22C877F4E00EECF2A /* TabBarViewController.swift */ = {isa = PBXFileReference; lastKnownFileType = sourcecode.swift; path = TabBarViewController.swift; sourceTree = "<group>"; };
		230885A42C877FEF00EECF2A /* SearchViewController.swift */ = {isa = PBXFileReference; lastKnownFileType = sourcecode.swift; path = SearchViewController.swift; sourceTree = "<group>"; };
		230885A62C87800E00EECF2A /* LibraryViewController.swift */ = {isa = PBXFileReference; lastKnownFileType = sourcecode.swift; path = LibraryViewController.swift; sourceTree = "<group>"; };
		230885AA2C87805F00EECF2A /* AuthViewController.swift */ = {isa = PBXFileReference; lastKnownFileType = sourcecode.swift; path = AuthViewController.swift; sourceTree = "<group>"; };
		230885AC2C87807300EECF2A /* WelcomeViewController.swift */ = {isa = PBXFileReference; lastKnownFileType = sourcecode.swift; path = WelcomeViewController.swift; sourceTree = "<group>"; };
		230885AE2C87807F00EECF2A /* SettingViewController.swift */ = {isa = PBXFileReference; lastKnownFileType = sourcecode.swift; path = SettingViewController.swift; sourceTree = "<group>"; };
		230885B02C87808A00EECF2A /* ProfileViewController.swift */ = {isa = PBXFileReference; lastKnownFileType = sourcecode.swift; path = ProfileViewController.swift; sourceTree = "<group>"; };
		230885B22C87809800EECF2A /* PlayerViewController.swift */ = {isa = PBXFileReference; lastKnownFileType = sourcecode.swift; path = PlayerViewController.swift; sourceTree = "<group>"; };
		230885B42C8780A600EECF2A /* PlaylistViewController.swift */ = {isa = PBXFileReference; lastKnownFileType = sourcecode.swift; path = PlaylistViewController.swift; sourceTree = "<group>"; };
		230885B62C8780BB00EECF2A /* SearchResultsViewController.swift */ = {isa = PBXFileReference; lastKnownFileType = sourcecode.swift; path = SearchResultsViewController.swift; sourceTree = "<group>"; };
		230885B82C8780D900EECF2A /* AuthManager.swift */ = {isa = PBXFileReference; lastKnownFileType = sourcecode.swift; path = AuthManager.swift; sourceTree = "<group>"; };
		230885BA2C8780E500EECF2A /* APICaller.swift */ = {isa = PBXFileReference; lastKnownFileType = sourcecode.swift; path = APICaller.swift; sourceTree = "<group>"; };
		230885BC2C8780F900EECF2A /* HapticsManager.swift */ = {isa = PBXFileReference; lastKnownFileType = sourcecode.swift; path = HapticsManager.swift; sourceTree = "<group>"; };
		230885BE2C87814B00EECF2A /* Playlist.swift */ = {isa = PBXFileReference; lastKnownFileType = sourcecode.swift; path = Playlist.swift; sourceTree = "<group>"; };
		230885C02C87815900EECF2A /* AudioTrack.swift */ = {isa = PBXFileReference; lastKnownFileType = sourcecode.swift; path = AudioTrack.swift; sourceTree = "<group>"; };
		230885C22C87816200EECF2A /* Artist.swift */ = {isa = PBXFileReference; lastKnownFileType = sourcecode.swift; path = Artist.swift; sourceTree = "<group>"; };
		230885C42C87816900EECF2A /* UserProfile.swift */ = {isa = PBXFileReference; lastKnownFileType = sourcecode.swift; path = UserProfile.swift; sourceTree = "<group>"; };
		230885C62C8E0DA600EECF2A /* Extensions.swift */ = {isa = PBXFileReference; lastKnownFileType = sourcecode.swift; path = Extensions.swift; sourceTree = "<group>"; };
		230885C82C945F2600EECF2A /* AuthResponse.swift */ = {isa = PBXFileReference; lastKnownFileType = sourcecode.swift; path = AuthResponse.swift; sourceTree = "<group>"; };
/* End PBXFileReference section */

/* Begin PBXFrameworksBuildPhase section */
		230885822C7A53F000EECF2A /* Frameworks */ = {
			isa = PBXFrameworksBuildPhase;
			buildActionMask = 2147483647;
			files = (
			);
			runOnlyForDeploymentPostprocessing = 0;
		};
/* End PBXFrameworksBuildPhase section */

/* Begin PBXGroup section */
		2308857C2C7A53F000EECF2A = {
			isa = PBXGroup;
			children = (
				230885872C7A53F000EECF2A /* Spotify */,
				230885862C7A53F000EECF2A /* Products */,
			);
			sourceTree = "<group>";
		};
		230885862C7A53F000EECF2A /* Products */ = {
			isa = PBXGroup;
			children = (
				230885852C7A53F000EECF2A /* Spotify.app */,
			);
			name = Products;
			sourceTree = "<group>";
		};
		230885872C7A53F000EECF2A /* Spotify */ = {
			isa = PBXGroup;
			children = (
				230885A12C7A549700EECF2A /* Resourses */,
				230885A02C7A548A00EECF2A /* Managers */,
				2308859F2C7A548200EECF2A /* ViewModel */,
				2308859E2C7A545900EECF2A /* Controllers */,
				2308859D2C7A545100EECF2A /* Views */,
				2308859C2C7A544900EECF2A /* Models */,
				230885962C7A53F200EECF2A /* Info.plist */,
			);
			path = Spotify;
			sourceTree = "<group>";
		};
		2308859C2C7A544900EECF2A /* Models */ = {
			isa = PBXGroup;
			children = (
				230885BE2C87814B00EECF2A /* Playlist.swift */,
				230885C02C87815900EECF2A /* AudioTrack.swift */,
				230885C22C87816200EECF2A /* Artist.swift */,
				230885C42C87816900EECF2A /* UserProfile.swift */,
				230885C82C945F2600EECF2A /* AuthResponse.swift */,
			);
			path = Models;
			sourceTree = "<group>";
		};
		2308859D2C7A545100EECF2A /* Views */ = {
			isa = PBXGroup;
			children = (
				230885932C7A53F200EECF2A /* LaunchScreen.storyboard */,
			);
			path = Views;
			sourceTree = "<group>";
		};
		2308859E2C7A545900EECF2A /* Controllers */ = {
			isa = PBXGroup;
			children = (
				230885A92C87804700EECF2A /* Other */,
				230885A82C87801B00EECF2A /* Core */,
			);
			path = Controllers;
			sourceTree = "<group>";
		};
		2308859F2C7A548200EECF2A /* ViewModel */ = {
			isa = PBXGroup;
			children = (
			);
			path = ViewModel;
			sourceTree = "<group>";
		};
		230885A02C7A548A00EECF2A /* Managers */ = {
			isa = PBXGroup;
			children = (
				230885B82C8780D900EECF2A /* AuthManager.swift */,
				230885BA2C8780E500EECF2A /* APICaller.swift */,
				230885BC2C8780F900EECF2A /* HapticsManager.swift */,
			);
			path = Managers;
			sourceTree = "<group>";
		};
		230885A12C7A549700EECF2A /* Resourses */ = {
			isa = PBXGroup;
			children = (
				230885912C7A53F200EECF2A /* Assets.xcassets */,
				230885882C7A53F000EECF2A /* AppDelegate.swift */,
				2308858A2C7A53F000EECF2A /* SceneDelegate.swift */,
				230885C62C8E0DA600EECF2A /* Extensions.swift */,
			);
			path = Resourses;
			sourceTree = "<group>";
		};
		230885A82C87801B00EECF2A /* Core */ = {
			isa = PBXGroup;
			children = (
				230885A22C877F4E00EECF2A /* TabBarViewController.swift */,
				2308858C2C7A53F000EECF2A /* HomeViewController.swift */,
				230885A42C877FEF00EECF2A /* SearchViewController.swift */,
				230885A62C87800E00EECF2A /* LibraryViewController.swift */,
			);
			path = Core;
			sourceTree = "<group>";
		};
		230885A92C87804700EECF2A /* Other */ = {
			isa = PBXGroup;
			children = (
				230885AA2C87805F00EECF2A /* AuthViewController.swift */,
				230885AC2C87807300EECF2A /* WelcomeViewController.swift */,
				230885AE2C87807F00EECF2A /* SettingViewController.swift */,
				230885B02C87808A00EECF2A /* ProfileViewController.swift */,
				230885B22C87809800EECF2A /* PlayerViewController.swift */,
				230885B42C8780A600EECF2A /* PlaylistViewController.swift */,
				230885B62C8780BB00EECF2A /* SearchResultsViewController.swift */,
			);
			path = Other;
			sourceTree = "<group>";
		};
/* End PBXGroup section */

/* Begin PBXNativeTarget section */
		230885842C7A53F000EECF2A /* Spotify */ = {
			isa = PBXNativeTarget;
			buildConfigurationList = 230885992C7A53F200EECF2A /* Build configuration list for PBXNativeTarget "Spotify" */;
			buildPhases = (
				230885812C7A53F000EECF2A /* Sources */,
				230885822C7A53F000EECF2A /* Frameworks */,
				230885832C7A53F000EECF2A /* Resources */,
			);
			buildRules = (
			);
			dependencies = (
			);
			name = Spotify;
			productName = Spotify;
			productReference = 230885852C7A53F000EECF2A /* Spotify.app */;
			productType = "com.apple.product-type.application";
		};
/* End PBXNativeTarget section */

/* Begin PBXProject section */
		2308857D2C7A53F000EECF2A /* Project object */ = {
			isa = PBXProject;
			attributes = {
				BuildIndependentTargetsInParallel = 1;
				LastSwiftUpdateCheck = 1540;
				LastUpgradeCheck = 1540;
				TargetAttributes = {
					230885842C7A53F000EECF2A = {
						CreatedOnToolsVersion = 15.4;
					};
				};
			};
			buildConfigurationList = 230885802C7A53F000EECF2A /* Build configuration list for PBXProject "Spotify" */;
			compatibilityVersion = "Xcode 14.0";
			developmentRegion = en;
			hasScannedForEncodings = 0;
			knownRegions = (
				en,
				Base,
			);
			mainGroup = 2308857C2C7A53F000EECF2A;
			productRefGroup = 230885862C7A53F000EECF2A /* Products */;
			projectDirPath = "";
			projectRoot = "";
			targets = (
				230885842C7A53F000EECF2A /* Spotify */,
			);
		};
/* End PBXProject section */

/* Begin PBXResourcesBuildPhase section */
		230885832C7A53F000EECF2A /* Resources */ = {
			isa = PBXResourcesBuildPhase;
			buildActionMask = 2147483647;
			files = (
				230885922C7A53F200EECF2A /* Assets.xcassets in Resources */,
				230885952C7A53F200EECF2A /* Base in Resources */,
			);
			runOnlyForDeploymentPostprocessing = 0;
		};
/* End PBXResourcesBuildPhase section */

/* Begin PBXSourcesBuildPhase section */
		230885812C7A53F000EECF2A /* Sources */ = {
			isa = PBXSourcesBuildPhase;
			buildActionMask = 2147483647;
			files = (
				230885A52C877FEF00EECF2A /* SearchViewController.swift in Sources */,
				230885BF2C87814B00EECF2A /* Playlist.swift in Sources */,
				230885B92C8780D900EECF2A /* AuthManager.swift in Sources */,
				230885C52C87816900EECF2A /* UserProfile.swift in Sources */,
				230885B72C8780BB00EECF2A /* SearchResultsViewController.swift in Sources */,
				230885AD2C87807300EECF2A /* WelcomeViewController.swift in Sources */,
				230885B12C87808A00EECF2A /* ProfileViewController.swift in Sources */,
				230885A32C877F4E00EECF2A /* TabBarViewController.swift in Sources */,
				230885C92C945F2600EECF2A /* AuthResponse.swift in Sources */,
				230885BD2C8780F900EECF2A /* HapticsManager.swift in Sources */,
				230885C12C87815900EECF2A /* AudioTrack.swift in Sources */,
				2308858D2C7A53F000EECF2A /* HomeViewController.swift in Sources */,
				230885AB2C87805F00EECF2A /* AuthViewController.swift in Sources */,
				230885AF2C87807F00EECF2A /* SettingViewController.swift in Sources */,
				230885C72C8E0DA600EECF2A /* Extensions.swift in Sources */,
				230885892C7A53F000EECF2A /* AppDelegate.swift in Sources */,
				230885C32C87816200EECF2A /* Artist.swift in Sources */,
				230885B52C8780A600EECF2A /* PlaylistViewController.swift in Sources */,
				230885A72C87800E00EECF2A /* LibraryViewController.swift in Sources */,
				230885B32C87809800EECF2A /* PlayerViewController.swift in Sources */,
				230885BB2C8780E500EECF2A /* APICaller.swift in Sources */,
				2308858B2C7A53F000EECF2A /* SceneDelegate.swift in Sources */,
			);
			runOnlyForDeploymentPostprocessing = 0;
		};
/* End PBXSourcesBuildPhase section */

/* Begin PBXVariantGroup section */
		230885932C7A53F200EECF2A /* LaunchScreen.storyboard */ = {
			isa = PBXVariantGroup;
			children = (
				230885942C7A53F200EECF2A /* Base */,
			);
			name = LaunchScreen.storyboard;
			sourceTree = "<group>";
		};
/* End PBXVariantGroup section */

/* Begin XCBuildConfiguration section */
		230885972C7A53F200EECF2A /* Debug */ = {
			isa = XCBuildConfiguration;
			buildSettings = {
				ALWAYS_SEARCH_USER_PATHS = NO;
				ASSETCATALOG_COMPILER_GENERATE_SWIFT_ASSET_SYMBOL_EXTENSIONS = YES;
				CLANG_ANALYZER_NONNULL = YES;
				CLANG_ANALYZER_NUMBER_OBJECT_CONVERSION = YES_AGGRESSIVE;
				CLANG_CXX_LANGUAGE_STANDARD = "gnu++20";
				CLANG_ENABLE_MODULES = YES;
				CLANG_ENABLE_OBJC_ARC = YES;
				CLANG_ENABLE_OBJC_WEAK = YES;
				CLANG_WARN_BLOCK_CAPTURE_AUTORELEASING = YES;
				CLANG_WARN_BOOL_CONVERSION = YES;
				CLANG_WARN_COMMA = YES;
				CLANG_WARN_CONSTANT_CONVERSION = YES;
				CLANG_WARN_DEPRECATED_OBJC_IMPLEMENTATIONS = YES;
				CLANG_WARN_DIRECT_OBJC_ISA_USAGE = YES_ERROR;
				CLANG_WARN_DOCUMENTATION_COMMENTS = YES;
				CLANG_WARN_EMPTY_BODY = YES;
				CLANG_WARN_ENUM_CONVERSION = YES;
				CLANG_WARN_INFINITE_RECURSION = YES;
				CLANG_WARN_INT_CONVERSION = YES;
				CLANG_WARN_NON_LITERAL_NULL_CONVERSION = YES;
				CLANG_WARN_OBJC_IMPLICIT_RETAIN_SELF = YES;
				CLANG_WARN_OBJC_LITERAL_CONVERSION = YES;
				CLANG_WARN_OBJC_ROOT_CLASS = YES_ERROR;
				CLANG_WARN_QUOTED_INCLUDE_IN_FRAMEWORK_HEADER = YES;
				CLANG_WARN_RANGE_LOOP_ANALYSIS = YES;
				CLANG_WARN_STRICT_PROTOTYPES = YES;
				CLANG_WARN_SUSPICIOUS_MOVE = YES;
				CLANG_WARN_UNGUARDED_AVAILABILITY = YES_AGGRESSIVE;
				CLANG_WARN_UNREACHABLE_CODE = YES;
				CLANG_WARN__DUPLICATE_METHOD_MATCH = YES;
				COPY_PHASE_STRIP = NO;
				DEBUG_INFORMATION_FORMAT = dwarf;
				ENABLE_STRICT_OBJC_MSGSEND = YES;
				ENABLE_TESTABILITY = YES;
				ENABLE_USER_SCRIPT_SANDBOXING = YES;
				GCC_C_LANGUAGE_STANDARD = gnu17;
				GCC_DYNAMIC_NO_PIC = NO;
				GCC_NO_COMMON_BLOCKS = YES;
				GCC_OPTIMIZATION_LEVEL = 0;
				GCC_PREPROCESSOR_DEFINITIONS = (
					"DEBUG=1",
					"$(inherited)",
				);
				GCC_WARN_64_TO_32_BIT_CONVERSION = YES;
				GCC_WARN_ABOUT_RETURN_TYPE = YES_ERROR;
				GCC_WARN_UNDECLARED_SELECTOR = YES;
				GCC_WARN_UNINITIALIZED_AUTOS = YES_AGGRESSIVE;
				GCC_WARN_UNUSED_FUNCTION = YES;
				GCC_WARN_UNUSED_VARIABLE = YES;
				IPHONEOS_DEPLOYMENT_TARGET = 17.5;
				LOCALIZATION_PREFERS_STRING_CATALOGS = YES;
				MTL_ENABLE_DEBUG_INFO = INCLUDE_SOURCE;
				MTL_FAST_MATH = YES;
				ONLY_ACTIVE_ARCH = YES;
				SDKROOT = iphoneos;
				SWIFT_ACTIVE_COMPILATION_CONDITIONS = "DEBUG $(inherited)";
				SWIFT_OPTIMIZATION_LEVEL = "-Onone";
			};
			name = Debug;
		};
		230885982C7A53F200EECF2A /* Release */ = {
			isa = XCBuildConfiguration;
			buildSettings = {
				ALWAYS_SEARCH_USER_PATHS = NO;
				ASSETCATALOG_COMPILER_GENERATE_SWIFT_ASSET_SYMBOL_EXTENSIONS = YES;
				CLANG_ANALYZER_NONNULL = YES;
				CLANG_ANALYZER_NUMBER_OBJECT_CONVERSION = YES_AGGRESSIVE;
				CLANG_CXX_LANGUAGE_STANDARD = "gnu++20";
				CLANG_ENABLE_MODULES = YES;
				CLANG_ENABLE_OBJC_ARC = YES;
				CLANG_ENABLE_OBJC_WEAK = YES;
				CLANG_WARN_BLOCK_CAPTURE_AUTORELEASING = YES;
				CLANG_WARN_BOOL_CONVERSION = YES;
				CLANG_WARN_COMMA = YES;
				CLANG_WARN_CONSTANT_CONVERSION = YES;
				CLANG_WARN_DEPRECATED_OBJC_IMPLEMENTATIONS = YES;
				CLANG_WARN_DIRECT_OBJC_ISA_USAGE = YES_ERROR;
				CLANG_WARN_DOCUMENTATION_COMMENTS = YES;
				CLANG_WARN_EMPTY_BODY = YES;
				CLANG_WARN_ENUM_CONVERSION = YES;
				CLANG_WARN_INFINITE_RECURSION = YES;
				CLANG_WARN_INT_CONVERSION = YES;
				CLANG_WARN_NON_LITERAL_NULL_CONVERSION = YES;
				CLANG_WARN_OBJC_IMPLICIT_RETAIN_SELF = YES;
				CLANG_WARN_OBJC_LITERAL_CONVERSION = YES;
				CLANG_WARN_OBJC_ROOT_CLASS = YES_ERROR;
				CLANG_WARN_QUOTED_INCLUDE_IN_FRAMEWORK_HEADER = YES;
				CLANG_WARN_RANGE_LOOP_ANALYSIS = YES;
				CLANG_WARN_STRICT_PROTOTYPES = YES;
				CLANG_WARN_SUSPICIOUS_MOVE = YES;
				CLANG_WARN_UNGUARDED_AVAILABILITY = YES_AGGRESSIVE;
				CLANG_WARN_UNREACHABLE_CODE = YES;
				CLANG_WARN__DUPLICATE_METHOD_MATCH = YES;
				COPY_PHASE_STRIP = NO;
				DEBUG_INFORMATION_FORMAT = "dwarf-with-dsym";
				ENABLE_NS_ASSERTIONS = NO;
				ENABLE_STRICT_OBJC_MSGSEND = YES;
				ENABLE_USER_SCRIPT_SANDBOXING = YES;
				GCC_C_LANGUAGE_STANDARD = gnu17;
				GCC_NO_COMMON_BLOCKS = YES;
				GCC_WARN_64_TO_32_BIT_CONVERSION = YES;
				GCC_WARN_ABOUT_RETURN_TYPE = YES_ERROR;
				GCC_WARN_UNDECLARED_SELECTOR = YES;
				GCC_WARN_UNINITIALIZED_AUTOS = YES_AGGRESSIVE;
				GCC_WARN_UNUSED_FUNCTION = YES;
				GCC_WARN_UNUSED_VARIABLE = YES;
				IPHONEOS_DEPLOYMENT_TARGET = 17.5;
				LOCALIZATION_PREFERS_STRING_CATALOGS = YES;
				MTL_ENABLE_DEBUG_INFO = NO;
				MTL_FAST_MATH = YES;
				SDKROOT = iphoneos;
				SWIFT_COMPILATION_MODE = wholemodule;
				VALIDATE_PRODUCT = YES;
			};
			name = Release;
		};
		2308859A2C7A53F200EECF2A /* Debug */ = {
			isa = XCBuildConfiguration;
			buildSettings = {
				ASSETCATALOG_COMPILER_APPICON_NAME = AppIcon;
				ASSETCATALOG_COMPILER_GLOBAL_ACCENT_COLOR_NAME = AccentColor;
				CODE_SIGN_STYLE = Automatic;
				CURRENT_PROJECT_VERSION = 1;
				GENERATE_INFOPLIST_FILE = YES;
				INFOPLIST_FILE = Spotify/Info.plist;
				INFOPLIST_KEY_UIApplicationSupportsIndirectInputEvents = YES;
				INFOPLIST_KEY_UILaunchStoryboardName = LaunchScreen;
				INFOPLIST_KEY_UISupportedInterfaceOrientations_iPad = "UIInterfaceOrientationPortrait UIInterfaceOrientationPortraitUpsideDown UIInterfaceOrientationLandscapeLeft UIInterfaceOrientationLandscapeRight";
				INFOPLIST_KEY_UISupportedInterfaceOrientations_iPhone = "UIInterfaceOrientationPortrait UIInterfaceOrientationLandscapeLeft UIInterfaceOrientationLandscapeRight";
				LD_RUNPATH_SEARCH_PATHS = (
					"$(inherited)",
					"@executable_path/Frameworks",
				);
				MARKETING_VERSION = 1.0;
				PRODUCT_BUNDLE_IDENTIFIER = maalPavel.Spotify;
				PRODUCT_NAME = "$(TARGET_NAME)";
				SWIFT_EMIT_LOC_STRINGS = YES;
				SWIFT_VERSION = 5.0;
				TARGETED_DEVICE_FAMILY = "1,2";
			};
			name = Debug;
		};
		2308859B2C7A53F200EECF2A /* Release */ = {
			isa = XCBuildConfiguration;
			buildSettings = {
				ASSETCATALOG_COMPILER_APPICON_NAME = AppIcon;
				ASSETCATALOG_COMPILER_GLOBAL_ACCENT_COLOR_NAME = AccentColor;
				CODE_SIGN_STYLE = Automatic;
				CURRENT_PROJECT_VERSION = 1;
				GENERATE_INFOPLIST_FILE = YES;
				INFOPLIST_FILE = Spotify/Info.plist;
				INFOPLIST_KEY_UIApplicationSupportsIndirectInputEvents = YES;
				INFOPLIST_KEY_UILaunchStoryboardName = LaunchScreen;
				INFOPLIST_KEY_UISupportedInterfaceOrientations_iPad = "UIInterfaceOrientationPortrait UIInterfaceOrientationPortraitUpsideDown UIInterfaceOrientationLandscapeLeft UIInterfaceOrientationLandscapeRight";
				INFOPLIST_KEY_UISupportedInterfaceOrientations_iPhone = "UIInterfaceOrientationPortrait UIInterfaceOrientationLandscapeLeft UIInterfaceOrientationLandscapeRight";
				LD_RUNPATH_SEARCH_PATHS = (
					"$(inherited)",
					"@executable_path/Frameworks",
				);
				MARKETING_VERSION = 1.0;
				PRODUCT_BUNDLE_IDENTIFIER = maalPavel.Spotify;
				PRODUCT_NAME = "$(TARGET_NAME)";
				SWIFT_EMIT_LOC_STRINGS = YES;
				SWIFT_VERSION = 5.0;
				TARGETED_DEVICE_FAMILY = "1,2";
			};
			name = Release;
		};
/* End XCBuildConfiguration section */

/* Begin XCConfigurationList section */
		230885802C7A53F000EECF2A /* Build configuration list for PBXProject "Spotify" */ = {
			isa = XCConfigurationList;
			buildConfigurations = (
				230885972C7A53F200EECF2A /* Debug */,
				230885982C7A53F200EECF2A /* Release */,
			);
			defaultConfigurationIsVisible = 0;
			defaultConfigurationName = Release;
		};
		230885992C7A53F200EECF2A /* Build configuration list for PBXNativeTarget "Spotify" */ = {
			isa = XCConfigurationList;
			buildConfigurations = (
				2308859A2C7A53F200EECF2A /* Debug */,
				2308859B2C7A53F200EECF2A /* Release */,
			);
			defaultConfigurationIsVisible = 0;
			defaultConfigurationName = Release;
		};
/* End XCConfigurationList section */
	};
	rootObject = 2308857D2C7A53F000EECF2A /* Project object */;
}
